
Microsoft Visual Studio Solution File, Format Version 12.00
# Visual Studio 15
VisualStudioVersion = 15.0.27703.2018
MinimumVisualStudioVersion = 10.0.40219.1
Project("{FAE04EC0-301F-11D3-BF4B-00C04F79EFBC}") = "ipsum-mobile-wallet.Android", "ipsum-mobile-wallet\ipsum-mobile-wallet.Android\ipsum-mobile-wallet.Android.csproj", "{C2AA36B6-744E-4FA2-9D2D-4E369CE3AFA7}"
EndProject
Project("{FAE04EC0-301F-11D3-BF4B-00C04F79EFBC}") = "ipsum-mobile-wallet.iOS", "ipsum-mobile-wallet\ipsum-mobile-wallet.iOS\ipsum-mobile-wallet.iOS.csproj", "{0ED63BDF-5F5B-4060-9EF2-7C6AF5400E02}"
EndProject
Project("{FAE04EC0-301F-11D3-BF4B-00C04F79EFBC}") = "ipsum-mobile-wallet", "ipsum-mobile-wallet\ipsum-mobile-wallet\ipsum-mobile-wallet.csproj", "{65A5870F-215A-4A93-9AE5-5DA16B7EB28A}"
EndProject
Global
	GlobalSection(SolutionConfigurationPlatforms) = preSolution
		Ad-Hoc|Any CPU = Ad-Hoc|Any CPU
		Ad-Hoc|iPhone = Ad-Hoc|iPhone
		Ad-Hoc|iPhoneSimulator = Ad-Hoc|iPhoneSimulator
		AppStore|Any CPU = AppStore|Any CPU
		AppStore|iPhone = AppStore|iPhone
		AppStore|iPhoneSimulator = AppStore|iPhoneSimulator
		Debug|Any CPU = Debug|Any CPU
		Debug|iPhone = Debug|iPhone
		Debug|iPhoneSimulator = Debug|iPhoneSimulator
		Release|Any CPU = Release|Any CPU
		Release|iPhone = Release|iPhone
		Release|iPhoneSimulator = Release|iPhoneSimulator
	EndGlobalSection
	GlobalSection(ProjectConfigurationPlatforms) = postSolution
		{C2AA36B6-744E-4FA2-9D2D-4E369CE3AFA7}.Ad-Hoc|Any CPU.ActiveCfg = Release|Any CPU
		{C2AA36B6-744E-4FA2-9D2D-4E369CE3AFA7}.Ad-Hoc|Any CPU.Build.0 = Release|Any CPU
		{C2AA36B6-744E-4FA2-9D2D-4E369CE3AFA7}.Ad-Hoc|Any CPU.Deploy.0 = Release|Any CPU
		{C2AA36B6-744E-4FA2-9D2D-4E369CE3AFA7}.Ad-Hoc|iPhone.ActiveCfg = Release|Any CPU
		{C2AA36B6-744E-4FA2-9D2D-4E369CE3AFA7}.Ad-Hoc|iPhone.Build.0 = Release|Any CPU
		{C2AA36B6-744E-4FA2-9D2D-4E369CE3AFA7}.Ad-Hoc|iPhone.Deploy.0 = Release|Any CPU
		{C2AA36B6-744E-4FA2-9D2D-4E369CE3AFA7}.Ad-Hoc|iPhoneSimulator.ActiveCfg = Release|Any CPU
		{C2AA36B6-744E-4FA2-9D2D-4E369CE3AFA7}.Ad-Hoc|iPhoneSimulator.Build.0 = Release|Any CPU
		{C2AA36B6-744E-4FA2-9D2D-4E369CE3AFA7}.Ad-Hoc|iPhoneSimulator.Deploy.0 = Release|Any CPU
		{C2AA36B6-744E-4FA2-9D2D-4E369CE3AFA7}.AppStore|Any CPU.ActiveCfg = Release|Any CPU
		{C2AA36B6-744E-4FA2-9D2D-4E369CE3AFA7}.AppStore|Any CPU.Build.0 = Release|Any CPU
		{C2AA36B6-744E-4FA2-9D2D-4E369CE3AFA7}.AppStore|Any CPU.Deploy.0 = Release|Any CPU
		{C2AA36B6-744E-4FA2-9D2D-4E369CE3AFA7}.AppStore|iPhone.ActiveCfg = Release|Any CPU
		{C2AA36B6-744E-4FA2-9D2D-4E369CE3AFA7}.AppStore|iPhone.Build.0 = Release|Any CPU
		{C2AA36B6-744E-4FA2-9D2D-4E369CE3AFA7}.AppStore|iPhone.Deploy.0 = Release|Any CPU
		{C2AA36B6-744E-4FA2-9D2D-4E369CE3AFA7}.AppStore|iPhoneSimulator.ActiveCfg = Release|Any CPU
		{C2AA36B6-744E-4FA2-9D2D-4E369CE3AFA7}.AppStore|iPhoneSimulator.Build.0 = Release|Any CPU
		{C2AA36B6-744E-4FA2-9D2D-4E369CE3AFA7}.AppStore|iPhoneSimulator.Deploy.0 = Release|Any CPU
		{C2AA36B6-744E-4FA2-9D2D-4E369CE3AFA7}.Debug|Any CPU.ActiveCfg = Debug|Any CPU
		{C2AA36B6-744E-4FA2-9D2D-4E369CE3AFA7}.Debug|Any CPU.Build.0 = Debug|Any CPU
		{C2AA36B6-744E-4FA2-9D2D-4E369CE3AFA7}.Debug|Any CPU.Deploy.0 = Debug|Any CPU
		{C2AA36B6-744E-4FA2-9D2D-4E369CE3AFA7}.Debug|iPhone.ActiveCfg = Debug|Any CPU
		{C2AA36B6-744E-4FA2-9D2D-4E369CE3AFA7}.Debug|iPhone.Build.0 = Debug|Any CPU
		{C2AA36B6-744E-4FA2-9D2D-4E369CE3AFA7}.Debug|iPhone.Deploy.0 = Debug|Any CPU
		{C2AA36B6-744E-4FA2-9D2D-4E369CE3AFA7}.Debug|iPhoneSimulator.ActiveCfg = Debug|Any CPU
		{C2AA36B6-744E-4FA2-9D2D-4E369CE3AFA7}.Debug|iPhoneSimulator.Build.0 = Debug|Any CPU
		{C2AA36B6-744E-4FA2-9D2D-4E369CE3AFA7}.Debug|iPhoneSimulator.Deploy.0 = Debug|Any CPU
		{C2AA36B6-744E-4FA2-9D2D-4E369CE3AFA7}.Release|Any CPU.ActiveCfg = Release|Any CPU
		{C2AA36B6-744E-4FA2-9D2D-4E369CE3AFA7}.Release|Any CPU.Build.0 = Release|Any CPU
		{C2AA36B6-744E-4FA2-9D2D-4E369CE3AFA7}.Release|Any CPU.Deploy.0 = Release|Any CPU
		{C2AA36B6-744E-4FA2-9D2D-4E369CE3AFA7}.Release|iPhone.ActiveCfg = Release|Any CPU
		{C2AA36B6-744E-4FA2-9D2D-4E369CE3AFA7}.Release|iPhone.Build.0 = Release|Any CPU
		{C2AA36B6-744E-4FA2-9D2D-4E369CE3AFA7}.Release|iPhone.Deploy.0 = Release|Any CPU
		{C2AA36B6-744E-4FA2-9D2D-4E369CE3AFA7}.Release|iPhoneSimulator.ActiveCfg = Release|Any CPU
		{C2AA36B6-744E-4FA2-9D2D-4E369CE3AFA7}.Release|iPhoneSimulator.Build.0 = Release|Any CPU
		{C2AA36B6-744E-4FA2-9D2D-4E369CE3AFA7}.Release|iPhoneSimulator.Deploy.0 = Release|Any CPU
		{0ED63BDF-5F5B-4060-9EF2-7C6AF5400E02}.Ad-Hoc|Any CPU.ActiveCfg = Ad-Hoc|iPhone
		{0ED63BDF-5F5B-4060-9EF2-7C6AF5400E02}.Ad-Hoc|Any CPU.Build.0 = Ad-Hoc|iPhone
		{0ED63BDF-5F5B-4060-9EF2-7C6AF5400E02}.Ad-Hoc|Any CPU.Deploy.0 = Ad-Hoc|iPhone
		{0ED63BDF-5F5B-4060-9EF2-7C6AF5400E02}.Ad-Hoc|iPhone.ActiveCfg = Ad-Hoc|iPhone
		{0ED63BDF-5F5B-4060-9EF2-7C6AF5400E02}.Ad-Hoc|iPhone.Build.0 = Ad-Hoc|iPhone
		{0ED63BDF-5F5B-4060-9EF2-7C6AF5400E02}.Ad-Hoc|iPhone.Deploy.0 = Ad-Hoc|iPhone
		{0ED63BDF-5F5B-4060-9EF2-7C6AF5400E02}.Ad-Hoc|iPhoneSimulator.ActiveCfg = Ad-Hoc|iPhoneSimulator
		{0ED63BDF-5F5B-4060-9EF2-7C6AF5400E02}.Ad-Hoc|iPhoneSimulator.Build.0 = Ad-Hoc|iPhoneSimulator
		{0ED63BDF-5F5B-4060-9EF2-7C6AF5400E02}.Ad-Hoc|iPhoneSimulator.Deploy.0 = Ad-Hoc|iPhoneSimulator
		{0ED63BDF-5F5B-4060-9EF2-7C6AF5400E02}.AppStore|Any CPU.ActiveCfg = AppStore|iPhone
		{0ED63BDF-5F5B-4060-9EF2-7C6AF5400E02}.AppStore|Any CPU.Build.0 = AppStore|iPhone
		{0ED63BDF-5F5B-4060-9EF2-7C6AF5400E02}.AppStore|Any CPU.Deploy.0 = AppStore|iPhone
		{0ED63BDF-5F5B-4060-9EF2-7C6AF5400E02}.AppStore|iPhone.ActiveCfg = AppStore|iPhone
		{0ED63BDF-5F5B-4060-9EF2-7C6AF5400E02}.AppStore|iPhone.Build.0 = AppStore|iPhone
		{0ED63BDF-5F5B-4060-9EF2-7C6AF5400E02}.AppStore|iPhone.Deploy.0 = AppStore|iPhone
		{0ED63BDF-5F5B-4060-9EF2-7C6AF5400E02}.AppStore|iPhoneSimulator.ActiveCfg = AppStore|iPhoneSimulator
		{0ED63BDF-5F5B-4060-9EF2-7C6AF5400E02}.AppStore|iPhoneSimulator.Build.0 = AppStore|iPhoneSimulator
		{0ED63BDF-5F5B-4060-9EF2-7C6AF5400E02}.AppStore|iPhoneSimulator.Deploy.0 = AppStore|iPhoneSimulator
		{0ED63BDF-5F5B-4060-9EF2-7C6AF5400E02}.Debug|Any CPU.ActiveCfg = Debug|iPhoneSimulator
		{0ED63BDF-5F5B-4060-9EF2-7C6AF5400E02}.Debug|Any CPU.Build.0 = Debug|iPhoneSimulator
		{0ED63BDF-5F5B-4060-9EF2-7C6AF5400E02}.Debug|Any CPU.Deploy.0 = Debug|iPhoneSimulator
		{0ED63BDF-5F5B-4060-9EF2-7C6AF5400E02}.Debug|iPhone.ActiveCfg = Debug|iPhone
		{0ED63BDF-5F5B-4060-9EF2-7C6AF5400E02}.Debug|iPhone.Build.0 = Debug|iPhone
		{0ED63BDF-5F5B-4060-9EF2-7C6AF5400E02}.Debug|iPhone.Deploy.0 = Debug|iPhone
		{0ED63BDF-5F5B-4060-9EF2-7C6AF5400E02}.Debug|iPhoneSimulator.ActiveCfg = Debug|iPhoneSimulator
		{0ED63BDF-5F5B-4060-9EF2-7C6AF5400E02}.Debug|iPhoneSimulator.Build.0 = Debug|iPhoneSimulator
		{0ED63BDF-5F5B-4060-9EF2-7C6AF5400E02}.Debug|iPhoneSimulator.Deploy.0 = Debug|iPhoneSimulator
		{0ED63BDF-5F5B-4060-9EF2-7C6AF5400E02}.Release|Any CPU.ActiveCfg = Release|iPhone
		{0ED63BDF-5F5B-4060-9EF2-7C6AF5400E02}.Release|Any CPU.Build.0 = Release|iPhone
		{0ED63BDF-5F5B-4060-9EF2-7C6AF5400E02}.Release|Any CPU.Deploy.0 = Release|iPhone
		{0ED63BDF-5F5B-4060-9EF2-7C6AF5400E02}.Release|iPhone.ActiveCfg = Release|iPhone
		{0ED63BDF-5F5B-4060-9EF2-7C6AF5400E02}.Release|iPhone.Build.0 = Release|iPhone
		{0ED63BDF-5F5B-4060-9EF2-7C6AF5400E02}.Release|iPhone.Deploy.0 = Release|iPhone
		{0ED63BDF-5F5B-4060-9EF2-7C6AF5400E02}.Release|iPhoneSimulator.ActiveCfg = Release|iPhoneSimulator
		{0ED63BDF-5F5B-4060-9EF2-7C6AF5400E02}.Release|iPhoneSimulator.Build.0 = Release|iPhoneSimulator
		{0ED63BDF-5F5B-4060-9EF2-7C6AF5400E02}.Release|iPhoneSimulator.Deploy.0 = Release|iPhoneSimulator
		{65A5870F-215A-4A93-9AE5-5DA16B7EB28A}.Ad-Hoc|Any CPU.ActiveCfg = Debug|Any CPU
		{65A5870F-215A-4A93-9AE5-5DA16B7EB28A}.Ad-Hoc|Any CPU.Build.0 = Debug|Any CPU
		{65A5870F-215A-4A93-9AE5-5DA16B7EB28A}.Ad-Hoc|Any CPU.Deploy.0 = Debug|Any CPU
		{65A5870F-215A-4A93-9AE5-5DA16B7EB28A}.Ad-Hoc|iPhone.ActiveCfg = Debug|Any CPU
		{65A5870F-215A-4A93-9AE5-5DA16B7EB28A}.Ad-Hoc|iPhone.Build.0 = Debug|Any CPU
		{65A5870F-215A-4A93-9AE5-5DA16B7EB28A}.Ad-Hoc|iPhone.Deploy.0 = Debug|Any CPU
		{65A5870F-215A-4A93-9AE5-5DA16B7EB28A}.Ad-Hoc|iPhoneSimulator.ActiveCfg = Debug|Any CPU
		{65A5870F-215A-4A93-9AE5-5DA16B7EB28A}.Ad-Hoc|iPhoneSimulator.Build.0 = Debug|Any CPU
		{65A5870F-215A-4A93-9AE5-5DA16B7EB28A}.Ad-Hoc|iPhoneSimulator.Deploy.0 = Debug|Any CPU
		{65A5870F-215A-4A93-9AE5-5DA16B7EB28A}.AppStore|Any CPU.ActiveCfg = Debug|Any CPU
		{65A5870F-215A-4A93-9AE5-5DA16B7EB28A}.AppStore|Any CPU.Build.0 = Debug|Any CPU
		{65A5870F-215A-4A93-9AE5-5DA16B7EB28A}.AppStore|Any CPU.Deploy.0 = Debug|Any CPU
		{65A5870F-215A-4A93-9AE5-5DA16B7EB28A}.AppStore|iPhone.ActiveCfg = Debug|Any CPU
		{65A5870F-215A-4A93-9AE5-5DA16B7EB28A}.AppStore|iPhone.Build.0 = Debug|Any CPU
		{65A5870F-215A-4A93-9AE5-5DA16B7EB28A}.AppStore|iPhone.Deploy.0 = Debug|Any CPU
		{65A5870F-215A-4A93-9AE5-5DA16B7EB28A}.AppStore|iPhoneSimulator.ActiveCfg = Debug|Any CPU
		{65A5870F-215A-4A93-9AE5-5DA16B7EB28A}.AppStore|iPhoneSimulator.Build.0 = Debug|Any CPU
		{65A5870F-215A-4A93-9AE5-5DA16B7EB28A}.AppStore|iPhoneSimulator.Deploy.0 = Debug|Any CPU
		{65A5870F-215A-4A93-9AE5-5DA16B7EB28A}.Debug|Any CPU.ActiveCfg = Debug|Any CPU
		{65A5870F-215A-4A93-9AE5-5DA16B7EB28A}.Debug|Any CPU.Build.0 = Debug|Any CPU
		{65A5870F-215A-4A93-9AE5-5DA16B7EB28A}.Debug|Any CPU.Deploy.0 = Debug|Any CPU
		{65A5870F-215A-4A93-9AE5-5DA16B7EB28A}.Debug|iPhone.ActiveCfg = Debug|Any CPU
		{65A5870F-215A-4A93-9AE5-5DA16B7EB28A}.Debug|iPhone.Build.0 = Debug|Any CPU
		{65A5870F-215A-4A93-9AE5-5DA16B7EB28A}.Debug|iPhone.Deploy.0 = Debug|Any CPU
		{65A5870F-215A-4A93-9AE5-5DA16B7EB28A}.Debug|iPhoneSimulator.ActiveCfg = Debug|Any CPU
		{65A5870F-215A-4A93-9AE5-5DA16B7EB28A}.Debug|iPhoneSimulator.Build.0 = Debug|Any CPU
		{65A5870F-215A-4A93-9AE5-5DA16B7EB28A}.Debug|iPhoneSimulator.Deploy.0 = Debug|Any CPU
		{65A5870F-215A-4A93-9AE5-5DA16B7EB28A}.Release|Any CPU.ActiveCfg = Release|Any CPU
		{65A5870F-215A-4A93-9AE5-5DA16B7EB28A}.Release|Any CPU.Build.0 = Release|Any CPU
		{65A5870F-215A-4A93-9AE5-5DA16B7EB28A}.Release|Any CPU.Deploy.0 = Release|Any CPU
		{65A5870F-215A-4A93-9AE5-5DA16B7EB28A}.Release|iPhone.ActiveCfg = Release|Any CPU
		{65A5870F-215A-4A93-9AE5-5DA16B7EB28A}.Release|iPhone.Build.0 = Release|Any CPU
		{65A5870F-215A-4A93-9AE5-5DA16B7EB28A}.Release|iPhone.Deploy.0 = Release|Any CPU
		{65A5870F-215A-4A93-9AE5-5DA16B7EB28A}.Release|iPhoneSimulator.ActiveCfg = Release|Any CPU
		{65A5870F-215A-4A93-9AE5-5DA16B7EB28A}.Release|iPhoneSimulator.Build.0 = Release|Any CPU
		{65A5870F-215A-4A93-9AE5-5DA16B7EB28A}.Release|iPhoneSimulator.Deploy.0 = Release|Any CPU
	EndGlobalSection
	GlobalSection(SolutionProperties) = preSolution
		HideSolutionNode = FALSE
	EndGlobalSection
	GlobalSection(ExtensibilityGlobals) = postSolution
		SolutionGuid = {B34E6825-295B-4A95-A09B-38C5D82BD155}
	EndGlobalSection
EndGlobal
